
Microsoft Visual Studio Solution File, Format Version 12.00
# Visual Studio Version 17
VisualStudioVersion = 17.11.35222.181
MinimumVisualStudioVersion = 10.0.40219.1
Project("{FAE04EC0-301F-11D3-BF4B-00C04F79EFBC}") = "RegistroTecnico", "RegistroTecnico\RegistroTecnico.csproj", "{53ECBD95-86F5-4667-BCD7-2016F1B832CE}"
EndProject
Global
	GlobalSection(SolutionConfigurationPlatforms) = preSolution
		Debug|Any CPU = Debug|Any CPU
		Release|Any CPU = Release|Any CPU
	EndGlobalSection
	GlobalSection(ProjectConfigurationPlatforms) = postSolution
		{53ECBD95-86F5-4667-BCD7-2016F1B832CE}.Debug|Any CPU.ActiveCfg = Debug|Any CPU
		{53ECBD95-86F5-4667-BCD7-2016F1B832CE}.Debug|Any CPU.Build.0 = Debug|Any CPU
		{53ECBD95-86F5-4667-BCD7-2016F1B832CE}.Release|Any CPU.ActiveCfg = Release|Any CPU
		{53ECBD95-86F5-4667-BCD7-2016F1B832CE}.Release|Any CPU.Build.0 = Release|Any CPU
	EndGlobalSection
	GlobalSection(SolutionProperties) = preSolution
		HideSolutionNode = FALSE
	EndGlobalSection
	GlobalSection(ExtensibilityGlobals) = postSolution
		SolutionGuid = {EA1C82D3-6CBE-4DB1-96B2-B8D0374BC426}
	EndGlobalSection
EndGlobal
